<?xml version="1.0" encoding="utf-8"?>
<Project ToolsVersion="4.0" xmlns="http://schemas.microsoft.com/developer/msbuild/2003">
  <ItemGroup>
    <Filter Include="Win">
      <UniqueIdentifier>{4FC737F1-C7A5-4376-A066-2A32D752A2FF}</UniqueIdentifier>
      <Extensions>cpp;c;cc;cxx;def;odl;idl;hpj;bat;asm;asmx</Extensions>
    </Filter>
    <Filter Include="FrameWork">
      <UniqueIdentifier>{93995380-89BD-4b04-88EB-625FBE52EBFB}</UniqueIdentifier>
      <Extensions>h;hpp;hxx;hm;inl;inc;xsd</Extensions>
    </Filter>
    <Filter Include="资源文件">
      <UniqueIdentifier>{67DA6AB6-F800-4c08-8B7A-83BB121AAD01}</UniqueIdentifier>
      <Extensions>rc;ico;cur;bmp;dlg;rc2;rct;bin;rgs;gif;jpg;jpeg;jpe;resx;tiff;tif;png;wav</Extensions>
    </Filter>
    <Filter Include="Input">
      <UniqueIdentifier>{7fbc56f4-ebce-4764-aac5-6af13f69d392}</UniqueIdentifier>
    </Filter>
    <Filter Include="Render">
      <UniqueIdentifier>{a7c5ac0f-b701-4bcd-b9fb-6c178addbdcf}</UniqueIdentifier>
    </Filter>
    <Filter Include="Render\VertexBuffer">
      <UniqueIdentifier>{4c685da7-d79f-4d8c-9422-6516b2673ca1}</UniqueIdentifier>
    </Filter>
    <Filter Include="Render\IndexBuffer">
      <UniqueIdentifier>{10841967-37a2-4533-b568-a4f9ba172fc9}</UniqueIdentifier>
    </Filter>
    <Filter Include="Render\shader">
      <UniqueIdentifier>{77dddff0-bac1-4ae3-ae36-789baf19e0b4}</UniqueIdentifier>
    </Filter>
    <Filter Include="Render\Texture">
      <UniqueIdentifier>{f6606b3d-df7f-449e-8da0-f5eb5d0898f4}</UniqueIdentifier>
    </Filter>
    <Filter Include="Base">
      <UniqueIdentifier>{f9436dd2-655a-4192-8a10-67522e571a71}</UniqueIdentifier>
    </Filter>
    <Filter Include="Sample">
      <UniqueIdentifier>{3a8b0acd-7aaa-484f-a944-f2b5b54d6ed3}</UniqueIdentifier>
    </Filter>
    <Filter Include="Sample\SampleRes">
      <UniqueIdentifier>{1788eb07-e256-473a-a15e-4784d6b9bc06}</UniqueIdentifier>
    </Filter>
    <Filter Include="Camera">
      <UniqueIdentifier>{41d80b8c-8eda-44ec-9535-4bf8f53a21da}</UniqueIdentifier>
    </Filter>
    <Filter Include="ResMrg">
      <UniqueIdentifier>{8a5c8164-0ca8-4bd2-bff5-0f71275cfe0d}</UniqueIdentifier>
    </Filter>
    <Filter Include="Render\Model">
      <UniqueIdentifier>{018587bb-7a24-4c3a-b73b-033fc8a6342b}</UniqueIdentifier>
    </Filter>
    <Filter Include="UILib">
      <UniqueIdentifier>{19314a89-5a6e-4bcd-a2ae-77321eba94cb}</UniqueIdentifier>
    </Filter>
    <Filter Include="math">
      <UniqueIdentifier>{161efde4-59b3-4f2d-b339-70f45ef642c0}</UniqueIdentifier>
    </Filter>
    <Filter Include="Render\Terrain">
      <UniqueIdentifier>{2377045c-ff88-456e-92ab-b74a1f7cf4d5}</UniqueIdentifier>
    </Filter>
    <Filter Include="Util">
      <UniqueIdentifier>{ed2bc500-8bfc-4ece-b29c-f2e9254b3011}</UniqueIdentifier>
    </Filter>
  </ItemGroup>
  <ItemGroup>
    <ClCompile Include="Camare\ClientCamera.cpp">
      <Filter>Camera</Filter>
    </ClCompile>
    <ClCompile Include="FrameWork\Camera_Task.cpp">
      <Filter>FrameWork</Filter>
    </ClCompile>
    <ClCompile Include="FrameWork\Input_Task.cpp">
      <Filter>FrameWork</Filter>
    </ClCompile>
    <ClCompile Include="FrameWork\MainLoopTask.cpp">
      <Filter>FrameWork</Filter>
    </ClCompile>
    <ClCompile Include="FrameWork\Sample_Task.cpp">
      <Filter>FrameWork</Filter>
    </ClCompile>
    <ClCompile Include="FrameWork\SystemClass.cpp">
      <Filter>FrameWork</Filter>
    </ClCompile>
    <ClCompile Include="FrameWork\World_Task.cpp">
      <Filter>FrameWork</Filter>
    </ClCompile>
    <ClCompile Include="Input\InputClass.cpp">
      <Filter>Input</Filter>
    </ClCompile>
    <ClCompile Include="Render\D3DIndexBuffer.cpp">
      <Filter>Render\IndexBuffer</Filter>
    </ClCompile>
    <ClCompile Include="Render\Texture.cpp">
      <Filter>Render\Texture</Filter>
    </ClCompile>
    <ClCompile Include="Render\Texture2D.cpp">
      <Filter>Render\Texture</Filter>
    </ClCompile>
    <ClCompile Include="Render\D3DVertexBuffer.cpp">
      <Filter>Render\VertexBuffer</Filter>
    </ClCompile>
    <ClCompile Include="Render\ColorShaderClass.cpp">
      <Filter>Render\shader</Filter>
    </ClCompile>
    <ClCompile Include="Render\TextureShaderClass.cpp">
      <Filter>Render\shader</Filter>
    </ClCompile>
    <ClCompile Include="Render\Effect.cpp">
      <Filter>Render\shader</Filter>
    </ClCompile>
    <ClCompile Include="Render\ShaderCBuffer.cpp">
      <Filter>Render\shader</Filter>
    </ClCompile>
    <ClCompile Include="Render\d3dclass.cpp">
      <Filter>Render</Filter>
    </ClCompile>
    <ClCompile Include="Render\GraphicsClass.cpp">
      <Filter>Render</Filter>
    </ClCompile>
    <ClCompile Include="ResMrg\ModleLoader.cpp">
      <Filter>ResMrg</Filter>
    </ClCompile>
    <ClCompile Include="win\main.cpp">
      <Filter>Win</Filter>
    </ClCompile>
    <ClCompile Include="Render\Model\model.cpp">
      <Filter>Render\Model</Filter>
    </ClCompile>
    <ClCompile Include="math\Vector2.cpp">
      <Filter>math</Filter>
    </ClCompile>
    <ClCompile Include="math\Vector3.cpp">
      <Filter>math</Filter>
    </ClCompile>
    <ClCompile Include="Render\Terrain\TerrainBaseBlock.cpp">
      <Filter>Render\Terrain</Filter>
    </ClCompile>
    <ClCompile Include="math\Vector4.cpp">
      <Filter>math</Filter>
    </ClCompile>
    <ClCompile Include="math\Matrix2x2.cpp">
      <Filter>math</Filter>
    </ClCompile>
    <ClCompile Include="math\Matrix3x3.cpp">
      <Filter>math</Filter>
    </ClCompile>
    <ClCompile Include="math\Matrix4x4.cpp">
      <Filter>math</Filter>
    </ClCompile>
    <ClCompile Include="math\Quaternion.cpp">
      <Filter>math</Filter>
    </ClCompile>
    <ClCompile Include="math\IMath.cpp">
      <Filter>math</Filter>
    </ClCompile>
    <ClCompile Include="UILib\TextureView.cpp">
      <Filter>UILib</Filter>
    </ClCompile>
    <ClCompile Include="FrameWork\GUI_Task.cpp">
      <Filter>FrameWork</Filter>
    </ClCompile>
    <ClCompile Include="UILib\UiObject.cpp">
      <Filter>UILib</Filter>
    </ClCompile>
    <ClCompile Include="UILib\UISystem.cpp">
      <Filter>UILib</Filter>
    </ClCompile>
    <ClCompile Include="UILib\FrontLable.cpp">
      <Filter>UILib</Filter>
    </ClCompile>
    <ClCompile Include="UILib\fontclass.cpp">
      <Filter>UILib</Filter>
    </ClCompile>
    <ClCompile Include="UILib\DebugView.cpp">
      <Filter>UILib</Filter>
    </ClCompile>
    <ClCompile Include="Util\FpsClass.cpp">
      <Filter>Util</Filter>
    </ClCompile>
    <ClCompile Include="Util\CpuUseage.cpp">
      <Filter>Util</Filter>
    </ClCompile>
    <ClCompile Include="ResMrg\ModleFactory.cpp">
      <Filter>ResMrg</Filter>
    </ClCompile>
    <ClCompile Include="ResMrg\ModleLoader3ds.cpp">
      <Filter>ResMrg</Filter>
    </ClCompile>
    <ClCompile Include="Sample\BufferAndShaderSample.cpp">
      <Filter>Sample</Filter>
    </ClCompile>
    <ClCompile Include="Sample\FrontTestSample.cpp">
      <Filter>Sample</Filter>
    </ClCompile>
    <ClCompile Include="Sample\ModleLoaderSample.cpp">
      <Filter>Sample</Filter>
    </ClCompile>
    <ClCompile Include="Sample\RTTSample.cpp">
      <Filter>Sample</Filter>
    </ClCompile>
    <ClCompile Include="Sample\TerrainSample.cpp">
      <Filter>Sample</Filter>
    </ClCompile>
    <ClCompile Include="Sample\TexProjectSample.cpp">
      <Filter>Sample</Filter>
    </ClCompile>
    <ClCompile Include="Sample\TextureSample.cpp">
      <Filter>Sample</Filter>
    </ClCompile>
    <ClCompile Include="Sample\TextureUITest.cpp">
      <Filter>Sample</Filter>
    </ClCompile>
    <ClCompile Include="Sample\XMLTestSample.cpp">
      <Filter>Sample</Filter>
    </ClCompile>
    <ClCompile Include="Sample\ShadowMapSample.cpp">
      <Filter>Sample</Filter>
    </ClCompile>
  </ItemGroup>
  <ItemGroup>
    <ClInclude Include="Base\EngineBase.h">
      <Filter>Base</Filter>
    </ClInclude>
    <ClInclude Include="Base\VertexFormat.h">
      <Filter>Base</Filter>
    </ClInclude>
    <ClInclude Include="Camare\ClientCamera.h">
      <Filter>Camera</Filter>
    </ClInclude>
    <ClInclude Include="FrameWork\Camera_Task.h">
      <Filter>FrameWork</Filter>
    </ClInclude>
    <ClInclude Include="FrameWork\Input_Task.h">
      <Filter>FrameWork</Filter>
    </ClInclude>
    <ClInclude Include="FrameWork\MainLoopTask.h">
      <Filter>FrameWork</Filter>
    </ClInclude>
    <ClInclude Include="FrameWork\Sample_Task.h">
      <Filter>FrameWork</Filter>
    </ClInclude>
    <ClInclude Include="FrameWork\SystemClass.h">
      <Filter>FrameWork</Filter>
    </ClInclude>
    <ClInclude Include="FrameWork\World_Task.h">
      <Filter>FrameWork</Filter>
    </ClInclude>
    <ClInclude Include="Input\InputClass.h">
      <Filter>Input</Filter>
    </ClInclude>
    <ClInclude Include="Render\D3DIndexBuffer.h">
      <Filter>Render\IndexBuffer</Filter>
    </ClInclude>
    <ClInclude Include="Render\Texture.h">
      <Filter>Render\Texture</Filter>
    </ClInclude>
    <ClInclude Include="Render\Texture2D.h">
      <Filter>Render\Texture</Filter>
    </ClInclude>
    <ClInclude Include="Render\D3DVertexBuffer.h">
      <Filter>Render\VertexBuffer</Filter>
    </ClInclude>
    <ClInclude Include="Render\ColorShaderClass.h">
      <Filter>Render\shader</Filter>
    </ClInclude>
    <ClInclude Include="Render\TextureShaderClass.h">
      <Filter>Render\shader</Filter>
    </ClInclude>
    <ClInclude Include="Render\Effect.h">
      <Filter>Render\shader</Filter>
    </ClInclude>
    <ClInclude Include="Render\ShaderCBuffer.h">
      <Filter>Render\shader</Filter>
    </ClInclude>
    <ClInclude Include="Render\d3dclass.h">
      <Filter>Render</Filter>
    </ClInclude>
    <ClInclude Include="Render\GraphicsClass.h">
      <Filter>Render</Filter>
    </ClInclude>
    <ClInclude Include="ResMrg\ModleLoader.h">
      <Filter>ResMrg</Filter>
    </ClInclude>
    <ClInclude Include="Render\Model\model.h">
      <Filter>Render\Model</Filter>
    </ClInclude>
    <ClInclude Include="math\Vector2.h">
      <Filter>math</Filter>
    </ClInclude>
    <ClInclude Include="math\Vector3.h">
      <Filter>math</Filter>
    </ClInclude>
    <ClInclude Include="Render\Terrain\TerrainBaseBlock.h">
      <Filter>Render\Terrain</Filter>
    </ClInclude>
    <ClInclude Include="math\Vector4.h">
      <Filter>math</Filter>
    </ClInclude>
    <ClInclude Include="math\Matrix2x2.h">
      <Filter>math</Filter>
    </ClInclude>
    <ClInclude Include="math\Matrix3x3.h">
      <Filter>math</Filter>
    </ClInclude>
    <ClInclude Include="math\Matrix4x4.h">
      <Filter>math</Filter>
    </ClInclude>
    <ClInclude Include="math\Quaternion.h">
      <Filter>math</Filter>
    </ClInclude>
    <ClInclude Include="math\IMath.h">
      <Filter>math</Filter>
    </ClInclude>
    <ClInclude Include="UILib\TextureView.h">
      <Filter>UILib</Filter>
    </ClInclude>
    <ClInclude Include="UILib\UIdefind.h">
      <Filter>UILib</Filter>
    </ClInclude>
    <ClInclude Include="UILib\UiObject.h">
      <Filter>UILib</Filter>
    </ClInclude>
    <ClInclude Include="FrameWork\GUI_Task.h">
      <Filter>FrameWork</Filter>
    </ClInclude>
    <ClInclude Include="UILib\UISystem.h">
      <Filter>UILib</Filter>
    </ClInclude>
    <ClInclude Include="UILib\FrontLable.h">
      <Filter>UILib</Filter>
    </ClInclude>
    <ClInclude Include="UILib\fontclass.h">
      <Filter>UILib</Filter>
    </ClInclude>
    <ClInclude Include="Render\ITexture.h">
      <Filter>Render\Texture</Filter>
    </ClInclude>
    <ClInclude Include="UILib\DebugView.h">
      <Filter>UILib</Filter>
    </ClInclude>
    <ClInclude Include="Util\FpsClass.h">
      <Filter>Util</Filter>
    </ClInclude>
    <ClInclude Include="Util\CpuUseage.h">
      <Filter>Util</Filter>
    </ClInclude>
    <ClInclude Include="ResMrg\ModleFactory.h">
      <Filter>ResMrg</Filter>
    </ClInclude>
    <ClInclude Include="ResMrg\ModleLoader3ds.h">
      <Filter>ResMrg</Filter>
    </ClInclude>
    <ClInclude Include="Sample\BufferAndShaderSample.h">
      <Filter>Sample</Filter>
    </ClInclude>
    <ClInclude Include="Sample\FrontTestSample.h">
      <Filter>Sample</Filter>
    </ClInclude>
    <ClInclude Include="Sample\ModleLoaderSample.h">
      <Filter>Sample</Filter>
    </ClInclude>
    <ClInclude Include="Sample\RTTSample.h">
      <Filter>Sample</Filter>
    </ClInclude>
    <ClInclude Include="Sample\SampleInterface.h">
      <Filter>Sample</Filter>
    </ClInclude>
    <ClInclude Include="Sample\TerrainSample.h">
      <Filter>Sample</Filter>
    </ClInclude>
    <ClInclude Include="Sample\TextureSample.h">
      <Filter>Sample</Filter>
    </ClInclude>
    <ClInclude Include="Sample\TextureUITest.h">
      <Filter>Sample</Filter>
    </ClInclude>
    <ClInclude Include="Sample\XMLTestSample.h">
      <Filter>Sample</Filter>
    </ClInclude>
    <ClInclude Include="Sample\ShadowMapSample.h">
      <Filter>Sample</Filter>
    </ClInclude>
    <ClInclude Include="Sample\TexProjectSample.h">
      <Filter>Sample</Filter>
    </ClInclude>
  </ItemGroup>
  <ItemGroup>
    <None Include="..\res\shader\color.ps">
      <Filter>Sample\SampleRes</Filter>
    </None>
    <None Include="..\res\shader\color.vs">
      <Filter>Sample\SampleRes</Filter>
    </None>
    <None Include="..\res\shader\texture.ps">
      <Filter>Sample\SampleRes</Filter>
    </None>
    <None Include="..\res\shader\texture.vs">
      <Filter>Sample\SampleRes</Filter>
    </None>
    <None Include="..\res\shader\staticModleShader.xml">
      <Filter>Sample\SampleRes</Filter>
    </None>
    <None Include="test.hlsl">
      <Filter>Sample\SampleRes</Filter>
    </None>
  </ItemGroup>
</Project>